
Microsoft Visual Studio Solution File, Format Version 12.00
# Visual Studio Version 17
VisualStudioVersion = 17.14.36616.10 d17.14
MinimumVisualStudioVersion = 10.0.40219.1
Project("{FAE04EC0-301F-11D3-BF4B-00C04F79EFBC}") = "TaskGUI2", "TaskGUI2.csproj", "{4463CB14-81A3-4403-A2E5-46C34059229F}"
EndProject
Global
	GlobalSection(SolutionConfigurationPlatforms) = preSolution
		Debug|Any CPU = Debug|Any CPU
		Release|Any CPU = Release|Any CPU
	EndGlobalSection
	GlobalSection(ProjectConfigurationPlatforms) = postSolution
		{4463CB14-81A3-4403-A2E5-46C34059229F}.Debug|Any CPU.ActiveCfg = Debug|Any CPU
		{4463CB14-81A3-4403-A2E5-46C34059229F}.Debug|Any CPU.Build.0 = Debug|Any CPU
		{4463CB14-81A3-4403-A2E5-46C34059229F}.Release|Any CPU.ActiveCfg = Release|Any CPU
		{4463CB14-81A3-4403-A2E5-46C34059229F}.Release|Any CPU.Build.0 = Release|Any CPU
	EndGlobalSection
	GlobalSection(SolutionProperties) = preSolution
		HideSolutionNode = FALSE
	EndGlobalSection
	GlobalSection(ExtensibilityGlobals) = postSolution
		SolutionGuid = {EF042611-6E1C-4121-BF55-EB13FD7FEAA1}
	EndGlobalSection
EndGlobal
